{
  "name": "@api-hub/user-service",
  "version": "0.0.1",
  "lockfileVersion": 3,
  "requires": true,
  "packages": {
    "": {
      "name": "@api-hub/user-service",
      "version": "0.0.1",
      "devDependencies": {}
    },
    "node_modules/serverless-plugin-warmup": {
      "version": "8.4.1",
      "resolved": "https://registry.npmjs.org/serverless-plugin-warmup/-/serverless-plugin-warmup-8.4.1.tgz",
      "integrity": "sha512-DDVAD9seNQdNZCemrwCUqNp2U0SRY+gMhf0z28TxFgLz81NAA9rqIwLSI1nMdLeLQF3geBIvvCtN/S/1OsKA1A==",
      "dev": true,
      "license": "MIT"
    }
  }
}
