{
  "name": "@api-hub/fhir",
  "version": "0.1.0",
  "lockfileVersion": 3,
  "requires": true,
  "packages": {
    "": {
      "name": "@api-hub/fhir",
      "version": "0.1.0",
      "dependencies": {
        "fhir-tool": "^5.0.2"
      }
    },
    "node_modules/fhir-tool": {
      "version": "5.0.2",
      "resolved": "https://registry.npmjs.org/fhir-tool/-/fhir-tool-5.0.2.tgz",
      "integrity": "sha512-ZwWoadHyjoM9F5nRJeJozR1MPZqDdlmdJC5svUzH4otGAiu27tBaRQpXKYwM2em5KJYVHlm8qo5PmT7RxPMSDQ==",
      "bundleDependencies": [
        "xml-js"
      ],
      "license": "ISC",
      "dependencies": {
        "xml-js": "^1.6.11"
      }
    },
    "node_modules/fhir-tool/node_modules/sax": {
      "version": "1.2.4",
      "inBundle": true,
      "license": "ISC"
    },
    "node_modules/fhir-tool/node_modules/xml-js": {
      "version": "1.6.11",
      "inBundle": true,
      "license": "MIT",
      "dependencies": {
        "sax": "^1.2.4"
      },
      "bin": {
        "xml-js": "bin/cli.js"
      }
    }
  }
}
