{
  "name": "@api-hub/alert-service",
  "version": "0.0.1",
  "lockfileVersion": 3,
  "requires": true,
  "packages": {
    "": {
      "name": "@api-hub/alert-service",
      "version": "0.0.1",
      "dependencies": {
        "@myvitalrx/mvrx-resource-registry": "^0.0.1"
      },
      "devDependencies": {
        "esbuild": "^0.19.2",
        "serverless": "^3.40.0",
        "serverless-auto-swagger": "^3.1.0",
        "serverless-dotenv-plugin": "^6.0.0",
        "serverless-esbuild": "^1.57.0",
        "serverless-offline": "12.0.4"
      }
    },
    "../../node_modules/.pnpm/esbuild@0.19.12/node_modules/esbuild": {
      "version": "0.19.12",
      "dev": true,
      "hasInstallScript": true,
      "license": "MIT",
      "bin": {
        "esbuild": "bin/esbuild"
      },
      "engines": {
        "node": ">=12"
      },
      "optionalDependencies": {
        "@esbuild/aix-ppc64": "0.19.12",
        "@esbuild/android-arm": "0.19.12",
        "@esbuild/android-arm64": "0.19.12",
        "@esbuild/android-x64": "0.19.12",
        "@esbuild/darwin-arm64": "0.19.12",
        "@esbuild/darwin-x64": "0.19.12",
        "@esbuild/freebsd-arm64": "0.19.12",
        "@esbuild/freebsd-x64": "0.19.12",
        "@esbuild/linux-arm": "0.19.12",
        "@esbuild/linux-arm64": "0.19.12",
        "@esbuild/linux-ia32": "0.19.12",
        "@esbuild/linux-loong64": "0.19.12",
        "@esbuild/linux-mips64el": "0.19.12",
        "@esbuild/linux-ppc64": "0.19.12",
        "@esbuild/linux-riscv64": "0.19.12",
        "@esbuild/linux-s390x": "0.19.12",
        "@esbuild/linux-x64": "0.19.12",
        "@esbuild/netbsd-x64": "0.19.12",
        "@esbuild/openbsd-x64": "0.19.12",
        "@esbuild/sunos-x64": "0.19.12",
        "@esbuild/win32-arm64": "0.19.12",
        "@esbuild/win32-ia32": "0.19.12",
        "@esbuild/win32-x64": "0.19.12"
      }
    },
    "../../node_modules/.pnpm/serverless-auto-swagger@3.1.0_serverless@3.40.0_@types+node@20.19.9_/node_modules/serverless-auto-swagger": {
      "version": "3.1.0",
      "dev": true,
      "license": "MIT",
      "dependencies": {
        "@serverless/typescript": "^3.3.0",
        "fs-extra": "^10.0.0",
        "glob": "^11.0.0",
        "typeconv": "^1.8.0"
      },
      "devDependencies": {
        "@jest/types": "^29.1.2",
        "@types/fs-extra": "^9.0.13",
        "@types/glob": "^8.1.0",
        "@types/jest": "^29.1.1",
        "@types/serverless": "^3.0.1",
        "@typescript-eslint/eslint-plugin": "^5.13.0",
        "@typescript-eslint/parser": "^5.13.0",
        "copyfiles": "^2.4.1",
        "eslint": "^8.10.0",
        "eslint-config-prettier": "^8.5.0",
        "eslint-plugin-deprecation": "^1.3.2",
        "eslint-plugin-prettier": "^4.0.0",
        "husky": "^8.0.1",
        "is-ci": "^3.0.1",
        "jest": "^29.1.2",
        "lint-staged": "^13.0.1",
        "prettier": "^2.5.1",
        "standard-version": "^9.3.1",
        "ts-jest": "^29.0.3",
        "ts-loader": "^9.2.6",
        "typescript": "^4.5.5"
      },
      "engines": {
        "node": ">=12"
      },
      "peerDependencies": {
        "serverless": "^2 || ^3 || ^4"
      }
    },
    "../../node_modules/.pnpm/serverless-dotenv-plugin@6.0.0_serverless@3.40.0_@types+node@20.19.9_/node_modules/serverless-dotenv-plugin": {
      "version": "6.0.0",
      "dev": true,
      "license": "MIT",
      "dependencies": {
        "chalk": "^4.1.2",
        "dotenv": "^16.0.3",
        "dotenv-expand": "^10.0.0"
      },
      "devDependencies": {
        "chai": "^4.3.7",
        "mocha": "^9.2.2",
        "nyc": "^15.1.0",
        "prettier": "^2.8.4",
        "proxyquire": "^2.1.3",
        "publish-me-maybe": "^1.0.12",
        "sinon": "^15.0.2",
        "sinon-chai": "^3.7.0"
      },
      "peerDependencies": {
        "serverless": "1 || 2 || pre-3 || 3"
      }
    },
    "../../node_modules/.pnpm/serverless-esbuild@1.57.2_esbuild@0.19.12/node_modules/serverless-esbuild": {
      "version": "1.57.2",
      "dev": true,
      "license": "MIT",
      "dependencies": {
        "@effect/platform": "^0.65.5",
        "@effect/platform-node": "^0.60.5",
        "@effect/schema": "^0.73.4",
        "acorn": "^8.8.1",
        "acorn-walk": "^8.2.0",
        "anymatch": "^3.1.3",
        "archiver": "^5.3.1",
        "bestzip": "^2.2.1",
        "chokidar": "^3.5.3",
        "effect": "^3.8.3",
        "execa": "^5.1.1",
        "fs-extra": "^11.1.0",
        "globby": "^11.0.4",
        "p-map": "^4.0.0",
        "ramda": "^0.28.0",
        "semver": "^7.3.8"
      },
      "devDependencies": {
        "@commitlint/cli": "^17.3.0",
        "@commitlint/config-conventional": "^17.3.0",
        "@floydspace/eslint-config": "^1.37.0",
        "@floydspace/prettier-config": "^1.37.0",
        "@types/archiver": "^5.3.1",
        "@types/fs-extra": "^9.0.13",
        "@types/jest": "^29.2.4",
        "@types/mock-fs": "^4.13.1",
        "@types/node": "^18.11.18",
        "@types/ramda": "^0.28.20",
        "@types/semver": "^7.3.13",
        "@types/serverless": "^3.12.14",
        "all-contributors-cli": "^6.24.0",
        "esbuild": "^0.28.0",
        "esbuild-node-externals": "^1.22.0",
        "eslint": "^8.56.0",
        "extract-zip": "^2.0.1",
        "husky": "^8.0.2",
        "jest": "^29.3.1",
        "lint-staged": "^13.1.0",
        "mock-fs": "^5.3.0",
        "mock-spawn": "^0.2.6",
        "prettier": "^2.8.1",
        "semantic-release": "^25.0.2",
        "ts-jest": "^29.2.5",
        "typescript": "~5.5.4"
      },
      "engines": {
        "node": ">=18.0.0"
      },
      "peerDependencies": {
        "esbuild": "0.8 - 0.28",
        "esbuild-node-externals": "^1.0.0"
      },
      "peerDependenciesMeta": {
        "esbuild-node-externals": {
          "optional": true
        }
      }
    },
    "../../node_modules/.pnpm/serverless-offline@12.0.4_@types+node@20.19.9_serverless@3.40.0_@types+node@20.19.9_/node_modules/serverless-offline": {
      "version": "12.0.4",
      "dev": true,
      "license": "MIT",
      "dependencies": {
        "@aws-sdk/client-lambda": "^3.241.0",
        "@hapi/boom": "^10.0.0",
        "@hapi/h2o2": "^10.0.0",
        "@hapi/hapi": "^21.1.0",
        "@serverless/utils": "^6.8.2",
        "array-unflat-js": "^0.1.3",
        "boxen": "^7.0.1",
        "chalk": "^5.2.0",
        "desm": "^1.3.0",
        "execa": "^6.1.0",
        "fs-extra": "^11.1.0",
        "is-wsl": "^2.2.0",
        "java-invoke-local": "0.0.6",
        "jose": "^4.11.2",
        "js-string-escape": "^1.0.1",
        "jsonpath-plus": "^7.2.0",
        "jsonschema": "^1.4.1",
        "jszip": "^3.10.1",
        "luxon": "^3.2.0",
        "node-fetch": "^3.3.0",
        "node-schedule": "^2.1.0",
        "object.hasown": "^1.1.2",
        "p-memoize": "^7.1.1",
        "p-retry": "^5.1.2",
        "velocityjs": "^2.0.6",
        "ws": "^8.11.0"
      },
      "devDependencies": {
        "@istanbuljs/esm-loader-hook": "^0.2.0",
        "archiver": "^5.3.1",
        "eslint": "^8.31.0",
        "eslint-config-airbnb-base": "^15.0.0",
        "eslint-config-prettier": "^8.6.0",
        "eslint-plugin-import": "^2.25.4",
        "eslint-plugin-prettier": "^4.2.1",
        "eslint-plugin-unicorn": "^45.0.2",
        "git-list-updated": "^1.2.1",
        "husky": "^8.0.3",
        "lint-staged": "^13.1.0",
        "mocha": "^10.2.0",
        "nyc": "^15.1.0",
        "prettier": "^2.8.1",
        "serverless": "^3.26.0",
        "standard-version": "^9.5.0"
      },
      "engines": {
        "node": ">=14.18.0"
      },
      "peerDependencies": {
        "serverless": "^3.2.0"
      }
    },
    "../../node_modules/.pnpm/serverless@3.40.0_@types+node@20.19.9/node_modules/serverless": {
      "version": "3.40.0",
      "hasInstallScript": true,
      "license": "MIT",
      "dependencies": {
        "@aws-sdk/client-api-gateway": "^3.588.0",
        "@aws-sdk/client-cognito-identity-provider": "^3.588.0",
        "@aws-sdk/client-eventbridge": "^3.588.0",
        "@aws-sdk/client-iam": "^3.588.0",
        "@aws-sdk/client-lambda": "^3.588.0",
        "@aws-sdk/client-s3": "^3.588.0",
        "@serverless/dashboard-plugin": "^7.2.0",
        "@serverless/platform-client": "^4.5.1",
        "@serverless/utils": "^6.13.1",
        "abort-controller": "^3.0.0",
        "ajv": "^8.12.0",
        "ajv-formats": "^2.1.1",
        "archiver": "^5.3.1",
        "aws-sdk": "^2.1404.0",
        "bluebird": "^3.7.2",
        "cachedir": "^2.3.0",
        "chalk": "^4.1.2",
        "child-process-ext": "^2.1.1",
        "ci-info": "^3.8.0",
        "cli-progress-footer": "^2.3.2",
        "d": "^1.0.1",
        "dayjs": "^1.11.8",
        "decompress": "^4.2.1",
        "dotenv": "^16.3.1",
        "dotenv-expand": "^10.0.0",
        "essentials": "^1.2.0",
        "ext": "^1.7.0",
        "fastest-levenshtein": "^1.0.16",
        "filesize": "^10.0.7",
        "fs-extra": "^10.1.0",
        "get-stdin": "^8.0.0",
        "globby": "^11.1.0",
        "graceful-fs": "^4.2.11",
        "https-proxy-agent": "^5.0.1",
        "is-docker": "^2.2.1",
        "js-yaml": "^4.1.0",
        "json-colorizer": "^2.2.2",
        "json-cycle": "^1.5.0",
        "json-refs": "^3.0.15",
        "lodash": "^4.17.21",
        "memoizee": "^0.4.15",
        "micromatch": "^4.0.5",
        "node-fetch": "^2.6.11",
        "npm-registry-utilities": "^1.0.0",
        "object-hash": "^3.0.0",
        "open": "^8.4.2",
        "path2": "^0.1.0",
        "process-utils": "^4.0.0",
        "promise-queue": "^2.2.5",
        "require-from-string": "^2.0.2",
        "semver": "^7.5.3",
        "signal-exit": "^3.0.7",
        "stream-buffers": "^3.0.2",
        "strip-ansi": "^6.0.1",
        "supports-color": "^8.1.1",
        "tar": "^6.1.15",
        "timers-ext": "^0.1.7",
        "type": "^2.7.2",
        "untildify": "^4.0.0",
        "uuid": "^9.0.0",
        "ws": "^7.5.9",
        "yaml-ast-parser": "0.0.43"
      },
      "bin": {
        "serverless": "bin/serverless.js",
        "sls": "bin/serverless.js"
      },
      "devDependencies": {
        "@commitlint/cli": "^12.1.4",
        "@serverless/eslint-config": "^5.1.0",
        "@serverless/test": "^11.1.1",
        "adm-zip": "^0.5.10",
        "aws4": "^1.12.0",
        "chai": "^4.3.7",
        "chai-as-promised": "^7.1.1",
        "cos-nodejs-sdk-v5": "^2.12.1",
        "eslint": "^8.43.0",
        "eslint-plugin-import": "^2.27.5",
        "git-list-updated": "^1.2.1",
        "github-release-from-cc-changelog": "^2.3.0",
        "husky": "^4.3.8",
        "jszip": "^3.10.1",
        "lint-staged": "^13.2.2",
        "log": "^6.3.1",
        "log-node": "^8.0.3",
        "mocha": "^9.2.2",
        "mock-require": "^3.0.3",
        "ncjsm": "^4.3.2",
        "nyc": "^15.1.0",
        "pkg": "^5.8.1",
        "prettier": "^2.8.8",
        "proxyquire": "^2.1.3",
        "semver-regex": "^3.1.4",
        "sinon": "^13.0.2",
        "sinon-chai": "^3.7.0",
        "standard-version": "^9.5.0",
        "xml2js": "^0.4.23"
      },
      "engines": {
        "node": ">=12.0"
      }
    },
    "node_modules/@myvitalrx/mvrx-resource-registry": {
      "version": "0.0.1",
      "resolved": "https://npm.pkg.github.com/download/@myvitalrx/mvrx-resource-registry/0.0.1/4088177e90bd5141351d53cdc92509c78cc8c7fa",
      "integrity": "sha512-3+CHGD5QSeXbcW4Wb3jNTmOGh7uDri+dcFnQL5nbCcFCZRXU2H5owyafav+GBCC3NoZ0IrMr+eWH/cx837a4ug==",
      "peerDependencies": {
        "serverless": "^3.0.0"
      }
    },
    "node_modules/esbuild": {
      "resolved": "../../node_modules/.pnpm/esbuild@0.19.12/node_modules/esbuild",
      "link": true
    },
    "node_modules/serverless": {
      "resolved": "../../node_modules/.pnpm/serverless@3.40.0_@types+node@20.19.9/node_modules/serverless",
      "link": true
    },
    "node_modules/serverless-auto-swagger": {
      "resolved": "../../node_modules/.pnpm/serverless-auto-swagger@3.1.0_serverless@3.40.0_@types+node@20.19.9_/node_modules/serverless-auto-swagger",
      "link": true
    },
    "node_modules/serverless-dotenv-plugin": {
      "resolved": "../../node_modules/.pnpm/serverless-dotenv-plugin@6.0.0_serverless@3.40.0_@types+node@20.19.9_/node_modules/serverless-dotenv-plugin",
      "link": true
    },
    "node_modules/serverless-esbuild": {
      "resolved": "../../node_modules/.pnpm/serverless-esbuild@1.57.2_esbuild@0.19.12/node_modules/serverless-esbuild",
      "link": true
    },
    "node_modules/serverless-offline": {
      "resolved": "../../node_modules/.pnpm/serverless-offline@12.0.4_@types+node@20.19.9_serverless@3.40.0_@types+node@20.19.9_/node_modules/serverless-offline",
      "link": true
    }
  }
}
